
Microsoft Visual Studio Solution File, Format Version 12.00
# Visual Studio Version 17
VisualStudioVersion = 17.5.33530.505
MinimumVisualStudioVersion = 10.0.40219.1
Project("{9A19103F-16F7-4668-BE54-9A1E7A4F7556}") = "2DBinaryMatrix", "2DBinaryMatrix\2DBinaryMatrix.csproj", "{98714B15-A4A9-4B66-8380-9873AD9BB4DD}"
EndProject
Project("{9A19103F-16F7-4668-BE54-9A1E7A4F7556}") = "EquidistantTriple", "EquidistantTriple\EquidistantTriple.csproj", "{9544DDAF-B6A1-4042-BE6D-A0BCBB2BE5AD}"
EndProject
Project("{9A19103F-16F7-4668-BE54-9A1E7A4F7556}") = "Palidrone", "Palidrone\Palidrone.csproj", "{C165C31D-6906-4350-ABD9-883D337754A2}"
EndProject
Project("{9A19103F-16F7-4668-BE54-9A1E7A4F7556}") = "LargestAdjacentProduct", "LargestAdjacentProduct\LargestAdjacentProduct.csproj", "{22390070-1097-4839-ADE2-9EAFD7E3222B}"
EndProject
Project("{9A19103F-16F7-4668-BE54-9A1E7A4F7556}") = "MakeArrayConsectutive", "MakeArrayConsectutive\MakeArrayConsectutive.csproj", "{8D2A5773-F820-4889-A390-F68D0ADCEA22}"
EndProject
Project("{9A19103F-16F7-4668-BE54-9A1E7A4F7556}") = "NInterestingPolygon", "NInterestingPolygon\NInterestingPolygon.csproj", "{5075977C-82E6-4433-AFB3-60368D6FB89F}"
EndProject
Project("{9A19103F-16F7-4668-BE54-9A1E7A4F7556}") = "AlmostIncreasingSequence", "AlmostIncreasingSequence\AlmostIncreasingSequence.csproj", "{EFD7FC84-06C3-407A-9E31-4DD709CEDBF3}"
EndProject
Project("{9A19103F-16F7-4668-BE54-9A1E7A4F7556}") = "MatricElementSum", "MatricElementSum\MatricElementSum.csproj", "{66DCAB29-89DF-42E6-B4F2-C563200878ED}"
EndProject
Project("{9A19103F-16F7-4668-BE54-9A1E7A4F7556}") = "AllLongestStrings", "AllLongestStrings\AllLongestStrings.csproj", "{B7880624-5639-4E72-BE86-A1CBCB39A385}"
EndProject
Project("{9A19103F-16F7-4668-BE54-9A1E7A4F7556}") = "CommonCharacterCount", "CommonCharacterCount\CommonCharacterCount.csproj", "{E94F3D3D-65E4-45ED-B9FB-AEBAED18BF09}"
EndProject
Project("{9A19103F-16F7-4668-BE54-9A1E7A4F7556}") = "IsLuckyTicket", "IsLuckyTicket\IsLuckyTicket.csproj", "{E9FB6BE3-1EC5-4D50-A6C7-447C49C8066C}"
EndProject
Project("{9A19103F-16F7-4668-BE54-9A1E7A4F7556}") = "SortByHeight", "SortByHeight\SortByHeight.csproj", "{54834F62-D94F-455B-B07F-74ED9025D9BE}"
EndProject
Project("{9A19103F-16F7-4668-BE54-9A1E7A4F7556}") = "ReverseInParenteses", "ReverseInParenteses\ReverseInParenteses.csproj", "{04AE0480-372F-4B0E-924E-34D125E7F965}"
EndProject
Project("{9A19103F-16F7-4668-BE54-9A1E7A4F7556}") = "AlternatingSums", "AlternatingSums\AlternatingSums.csproj", "{2F5EF1C2-A1AB-43A7-BF9D-C4CDC8E19791}"
EndProject
Project("{9A19103F-16F7-4668-BE54-9A1E7A4F7556}") = "AsterixBorder", "AsterixBorder\AsterixBorder.csproj", "{A47801EE-0954-4C4C-8DBC-CB189738A2D4}"
EndProject
Project("{9A19103F-16F7-4668-BE54-9A1E7A4F7556}") = "SimilarArrays", "SimilarArrays\SimilarArrays.csproj", "{C940AA76-E5B1-48E8-895E-EC383867E16A}"
EndProject
Project("{FAE04EC0-301F-11D3-BF4B-00C04F79EFBC}") = "StrictlyIncreasingSequence", "StrictlyIncreasingSequence\StrictlyIncreasingSequence.csproj", "{E358B1EB-390F-40B2-8DF3-0B46EA591D91}"
EndProject
Project("{FAE04EC0-301F-11D3-BF4B-00C04F79EFBC}") = "PalindroneRearrange", "PalindroneRearrange\PalindroneRearrange.csproj", "{CF31C4AC-6917-4C29-B93E-D6CA4453C4BF}"
EndProject
Project("{FAE04EC0-301F-11D3-BF4B-00C04F79EFBC}") = "AreEquallyStrong", "AreEquallyStrong\AreEquallyStrong.csproj", "{DA4DA8EF-22EF-4B95-8FB9-6F84C7EA7006}"
EndProject
Project("{FAE04EC0-301F-11D3-BF4B-00C04F79EFBC}") = "ArrayAbsoluteDifference", "ArrayAbsoluteDifference\ArrayAbsoluteDifference.csproj", "{4AF55954-782A-4333-B102-1EA0C792518E}"
EndProject
Project("{FAE04EC0-301F-11D3-BF4B-00C04F79EFBC}") = "IsIPv4Address", "IsIPv4Address\IsIPv4Address.csproj", "{8BE90425-8A75-4D39-B5F8-A5588D77C0BC}"
EndProject
Global
	GlobalSection(SolutionConfigurationPlatforms) = preSolution
		Debug|Any CPU = Debug|Any CPU
		Release|Any CPU = Release|Any CPU
	EndGlobalSection
	GlobalSection(ProjectConfigurationPlatforms) = postSolution
		{98714B15-A4A9-4B66-8380-9873AD9BB4DD}.Debug|Any CPU.ActiveCfg = Debug|Any CPU
		{98714B15-A4A9-4B66-8380-9873AD9BB4DD}.Debug|Any CPU.Build.0 = Debug|Any CPU
		{98714B15-A4A9-4B66-8380-9873AD9BB4DD}.Release|Any CPU.ActiveCfg = Release|Any CPU
		{98714B15-A4A9-4B66-8380-9873AD9BB4DD}.Release|Any CPU.Build.0 = Release|Any CPU
		{9544DDAF-B6A1-4042-BE6D-A0BCBB2BE5AD}.Debug|Any CPU.ActiveCfg = Debug|Any CPU
		{9544DDAF-B6A1-4042-BE6D-A0BCBB2BE5AD}.Debug|Any CPU.Build.0 = Debug|Any CPU
		{9544DDAF-B6A1-4042-BE6D-A0BCBB2BE5AD}.Release|Any CPU.ActiveCfg = Release|Any CPU
		{9544DDAF-B6A1-4042-BE6D-A0BCBB2BE5AD}.Release|Any CPU.Build.0 = Release|Any CPU
		{C165C31D-6906-4350-ABD9-883D337754A2}.Debug|Any CPU.ActiveCfg = Debug|Any CPU
		{C165C31D-6906-4350-ABD9-883D337754A2}.Debug|Any CPU.Build.0 = Debug|Any CPU
		{C165C31D-6906-4350-ABD9-883D337754A2}.Release|Any CPU.ActiveCfg = Release|Any CPU
		{C165C31D-6906-4350-ABD9-883D337754A2}.Release|Any CPU.Build.0 = Release|Any CPU
		{22390070-1097-4839-ADE2-9EAFD7E3222B}.Debug|Any CPU.ActiveCfg = Debug|Any CPU
		{22390070-1097-4839-ADE2-9EAFD7E3222B}.Debug|Any CPU.Build.0 = Debug|Any CPU
		{22390070-1097-4839-ADE2-9EAFD7E3222B}.Release|Any CPU.ActiveCfg = Release|Any CPU
		{22390070-1097-4839-ADE2-9EAFD7E3222B}.Release|Any CPU.Build.0 = Release|Any CPU
		{8D2A5773-F820-4889-A390-F68D0ADCEA22}.Debug|Any CPU.ActiveCfg = Debug|Any CPU
		{8D2A5773-F820-4889-A390-F68D0ADCEA22}.Debug|Any CPU.Build.0 = Debug|Any CPU
		{8D2A5773-F820-4889-A390-F68D0ADCEA22}.Release|Any CPU.ActiveCfg = Release|Any CPU
		{8D2A5773-F820-4889-A390-F68D0ADCEA22}.Release|Any CPU.Build.0 = Release|Any CPU
		{5075977C-82E6-4433-AFB3-60368D6FB89F}.Debug|Any CPU.ActiveCfg = Debug|Any CPU
		{5075977C-82E6-4433-AFB3-60368D6FB89F}.Debug|Any CPU.Build.0 = Debug|Any CPU
		{5075977C-82E6-4433-AFB3-60368D6FB89F}.Release|Any CPU.ActiveCfg = Release|Any CPU
		{5075977C-82E6-4433-AFB3-60368D6FB89F}.Release|Any CPU.Build.0 = Release|Any CPU
		{EFD7FC84-06C3-407A-9E31-4DD709CEDBF3}.Debug|Any CPU.ActiveCfg = Debug|Any CPU
		{EFD7FC84-06C3-407A-9E31-4DD709CEDBF3}.Debug|Any CPU.Build.0 = Debug|Any CPU
		{EFD7FC84-06C3-407A-9E31-4DD709CEDBF3}.Release|Any CPU.ActiveCfg = Release|Any CPU
		{EFD7FC84-06C3-407A-9E31-4DD709CEDBF3}.Release|Any CPU.Build.0 = Release|Any CPU
		{66DCAB29-89DF-42E6-B4F2-C563200878ED}.Debug|Any CPU.ActiveCfg = Debug|Any CPU
		{66DCAB29-89DF-42E6-B4F2-C563200878ED}.Debug|Any CPU.Build.0 = Debug|Any CPU
		{66DCAB29-89DF-42E6-B4F2-C563200878ED}.Release|Any CPU.ActiveCfg = Release|Any CPU
		{66DCAB29-89DF-42E6-B4F2-C563200878ED}.Release|Any CPU.Build.0 = Release|Any CPU
		{B7880624-5639-4E72-BE86-A1CBCB39A385}.Debug|Any CPU.ActiveCfg = Debug|Any CPU
		{B7880624-5639-4E72-BE86-A1CBCB39A385}.Debug|Any CPU.Build.0 = Debug|Any CPU
		{B7880624-5639-4E72-BE86-A1CBCB39A385}.Release|Any CPU.ActiveCfg = Release|Any CPU
		{B7880624-5639-4E72-BE86-A1CBCB39A385}.Release|Any CPU.Build.0 = Release|Any CPU
		{E94F3D3D-65E4-45ED-B9FB-AEBAED18BF09}.Debug|Any CPU.ActiveCfg = Debug|Any CPU
		{E94F3D3D-65E4-45ED-B9FB-AEBAED18BF09}.Debug|Any CPU.Build.0 = Debug|Any CPU
		{E94F3D3D-65E4-45ED-B9FB-AEBAED18BF09}.Release|Any CPU.ActiveCfg = Release|Any CPU
		{E94F3D3D-65E4-45ED-B9FB-AEBAED18BF09}.Release|Any CPU.Build.0 = Release|Any CPU
		{E9FB6BE3-1EC5-4D50-A6C7-447C49C8066C}.Debug|Any CPU.ActiveCfg = Debug|Any CPU
		{E9FB6BE3-1EC5-4D50-A6C7-447C49C8066C}.Debug|Any CPU.Build.0 = Debug|Any CPU
		{E9FB6BE3-1EC5-4D50-A6C7-447C49C8066C}.Release|Any CPU.ActiveCfg = Release|Any CPU
		{E9FB6BE3-1EC5-4D50-A6C7-447C49C8066C}.Release|Any CPU.Build.0 = Release|Any CPU
		{54834F62-D94F-455B-B07F-74ED9025D9BE}.Debug|Any CPU.ActiveCfg = Debug|Any CPU
		{54834F62-D94F-455B-B07F-74ED9025D9BE}.Debug|Any CPU.Build.0 = Debug|Any CPU
		{54834F62-D94F-455B-B07F-74ED9025D9BE}.Release|Any CPU.ActiveCfg = Release|Any CPU
		{54834F62-D94F-455B-B07F-74ED9025D9BE}.Release|Any CPU.Build.0 = Release|Any CPU
		{04AE0480-372F-4B0E-924E-34D125E7F965}.Debug|Any CPU.ActiveCfg = Debug|Any CPU
		{04AE0480-372F-4B0E-924E-34D125E7F965}.Debug|Any CPU.Build.0 = Debug|Any CPU
		{04AE0480-372F-4B0E-924E-34D125E7F965}.Release|Any CPU.ActiveCfg = Release|Any CPU
		{04AE0480-372F-4B0E-924E-34D125E7F965}.Release|Any CPU.Build.0 = Release|Any CPU
		{2F5EF1C2-A1AB-43A7-BF9D-C4CDC8E19791}.Debug|Any CPU.ActiveCfg = Debug|Any CPU
		{2F5EF1C2-A1AB-43A7-BF9D-C4CDC8E19791}.Debug|Any CPU.Build.0 = Debug|Any CPU
		{2F5EF1C2-A1AB-43A7-BF9D-C4CDC8E19791}.Release|Any CPU.ActiveCfg = Release|Any CPU
		{2F5EF1C2-A1AB-43A7-BF9D-C4CDC8E19791}.Release|Any CPU.Build.0 = Release|Any CPU
		{A47801EE-0954-4C4C-8DBC-CB189738A2D4}.Debug|Any CPU.ActiveCfg = Debug|Any CPU
		{A47801EE-0954-4C4C-8DBC-CB189738A2D4}.Debug|Any CPU.Build.0 = Debug|Any CPU
		{A47801EE-0954-4C4C-8DBC-CB189738A2D4}.Release|Any CPU.ActiveCfg = Release|Any CPU
		{A47801EE-0954-4C4C-8DBC-CB189738A2D4}.Release|Any CPU.Build.0 = Release|Any CPU
		{C940AA76-E5B1-48E8-895E-EC383867E16A}.Debug|Any CPU.ActiveCfg = Debug|Any CPU
		{C940AA76-E5B1-48E8-895E-EC383867E16A}.Debug|Any CPU.Build.0 = Debug|Any CPU
		{C940AA76-E5B1-48E8-895E-EC383867E16A}.Release|Any CPU.ActiveCfg = Release|Any CPU
		{C940AA76-E5B1-48E8-895E-EC383867E16A}.Release|Any CPU.Build.0 = Release|Any CPU
		{E358B1EB-390F-40B2-8DF3-0B46EA591D91}.Debug|Any CPU.ActiveCfg = Debug|Any CPU
		{E358B1EB-390F-40B2-8DF3-0B46EA591D91}.Debug|Any CPU.Build.0 = Debug|Any CPU
		{E358B1EB-390F-40B2-8DF3-0B46EA591D91}.Release|Any CPU.ActiveCfg = Release|Any CPU
		{E358B1EB-390F-40B2-8DF3-0B46EA591D91}.Release|Any CPU.Build.0 = Release|Any CPU
		{CF31C4AC-6917-4C29-B93E-D6CA4453C4BF}.Debug|Any CPU.ActiveCfg = Debug|Any CPU
		{CF31C4AC-6917-4C29-B93E-D6CA4453C4BF}.Debug|Any CPU.Build.0 = Debug|Any CPU
		{CF31C4AC-6917-4C29-B93E-D6CA4453C4BF}.Release|Any CPU.ActiveCfg = Release|Any CPU
		{CF31C4AC-6917-4C29-B93E-D6CA4453C4BF}.Release|Any CPU.Build.0 = Release|Any CPU
		{DA4DA8EF-22EF-4B95-8FB9-6F84C7EA7006}.Debug|Any CPU.ActiveCfg = Debug|Any CPU
		{DA4DA8EF-22EF-4B95-8FB9-6F84C7EA7006}.Debug|Any CPU.Build.0 = Debug|Any CPU
		{DA4DA8EF-22EF-4B95-8FB9-6F84C7EA7006}.Release|Any CPU.ActiveCfg = Release|Any CPU
		{DA4DA8EF-22EF-4B95-8FB9-6F84C7EA7006}.Release|Any CPU.Build.0 = Release|Any CPU
		{4AF55954-782A-4333-B102-1EA0C792518E}.Debug|Any CPU.ActiveCfg = Debug|Any CPU
		{4AF55954-782A-4333-B102-1EA0C792518E}.Debug|Any CPU.Build.0 = Debug|Any CPU
		{4AF55954-782A-4333-B102-1EA0C792518E}.Release|Any CPU.ActiveCfg = Release|Any CPU
		{4AF55954-782A-4333-B102-1EA0C792518E}.Release|Any CPU.Build.0 = Release|Any CPU
		{8BE90425-8A75-4D39-B5F8-A5588D77C0BC}.Debug|Any CPU.ActiveCfg = Debug|Any CPU
		{8BE90425-8A75-4D39-B5F8-A5588D77C0BC}.Debug|Any CPU.Build.0 = Debug|Any CPU
		{8BE90425-8A75-4D39-B5F8-A5588D77C0BC}.Release|Any CPU.ActiveCfg = Release|Any CPU
		{8BE90425-8A75-4D39-B5F8-A5588D77C0BC}.Release|Any CPU.Build.0 = Release|Any CPU
	EndGlobalSection
	GlobalSection(SolutionProperties) = preSolution
		HideSolutionNode = FALSE
	EndGlobalSection
	GlobalSection(ExtensibilityGlobals) = postSolution
		SolutionGuid = {AC3DF2F0-AA2F-4F39-B201-15FB05CF65DD}
	EndGlobalSection
EndGlobal
